
Microsoft Visual Studio Solution File, Format Version 12.00
# Visual Studio Version 16
VisualStudioVersion = 16.0.30413.136
MinimumVisualStudioVersion = 10.0.40219.1
Project("{9A19103F-16F7-4668-BE54-9A1E7A4F7556}") = "GraniteHouse", "GraniteHouse\GraniteHouse.csproj", "{F487EA23-224A-40D4-B755-29EE1FF3CE5D}"
EndProject
Global
	GlobalSection(SolutionConfigurationPlatforms) = preSolution
		Debug|Any CPU = Debug|Any CPU
		Release|Any CPU = Release|Any CPU
	EndGlobalSection
	GlobalSection(ProjectConfigurationPlatforms) = postSolution
		{F487EA23-224A-40D4-B755-29EE1FF3CE5D}.Debug|Any CPU.ActiveCfg = Debug|Any CPU
		{F487EA23-224A-40D4-B755-29EE1FF3CE5D}.Debug|Any CPU.Build.0 = Debug|Any CPU
		{F487EA23-224A-40D4-B755-29EE1FF3CE5D}.Release|Any CPU.ActiveCfg = Release|Any CPU
		{F487EA23-224A-40D4-B755-29EE1FF3CE5D}.Release|Any CPU.Build.0 = Release|Any CPU
	EndGlobalSection
	GlobalSection(SolutionProperties) = preSolution
		HideSolutionNode = FALSE
	EndGlobalSection
	GlobalSection(ExtensibilityGlobals) = postSolution
		SolutionGuid = {A636CB7D-CAE4-4D2F-8B43-C5B622E14D14}
	EndGlobalSection
EndGlobal
